// !$*UTF8*$!
{
	archiveVersion = 1;
	classes = {
	};
	objectVersion = 46;
	objects = {

/* Begin PBXBuildFile section */
		087674A51CB87363003590F3 /* main.m in Sources */ = {isa = PBXBuildFile; fileRef = 087674A41CB87363003590F3 /* main.m */; };
		087674AD1CB87617003590F3 /* power.m in Sources */ = {isa = PBXBuildFile; fileRef = 087674AC1CB87617003590F3 /* power.m */; };
		087674AF1CB876A7003590F3 /* IOKit.framework in Frameworks */ = {isa = PBXBuildFile; fileRef = 087674AE1CB876A7003590F3 /* IOKit.framework */; };
		087674B21CB87725003590F3 /* EventContext.m in Sources */ = {isa = PBXBuildFile; fileRef = 087674B11CB87725003590F3 /* EventContext.m */; };
/* End PBXBuildFile section */

/* Begin PBXCopyFilesBuildPhase section */
		0876749F1CB87363003590F3 /* CopyFiles */ = {
			isa = PBXCopyFilesBuildPhase;
			buildActionMask = 2147483647;
			dstPath = /usr/share/man/man1/;
			dstSubfolderSpec = 0;
			files = (
			);
			runOnlyForDeploymentPostprocessing = 1;
		};
/* End PBXCopyFilesBuildPhase section */

/* Begin PBXFileReference section */
		087674A11CB87363003590F3 /* EventLauncher */ = {isa = PBXFileReference; explicitFileType = "compiled.mach-o.executable"; includeInIndex = 0; path = EventLauncher; sourceTree = BUILT_PRODUCTS_DIR; };
		087674A41CB87363003590F3 /* main.m */ = {isa = PBXFileReference; lastKnownFileType = sourcecode.c.objc; path = main.m; sourceTree = "<group>"; };
		087674AC1CB87617003590F3 /* power.m */ = {isa = PBXFileReference; fileEncoding = 4; lastKnownFileType = sourcecode.c.objc; path = power.m; sourceTree = "<group>"; };
		087674AE1CB876A7003590F3 /* IOKit.framework */ = {isa = PBXFileReference; lastKnownFileType = wrapper.framework; name = IOKit.framework; path = System/Library/Frameworks/IOKit.framework; sourceTree = SDKROOT; };
		087674B01CB87725003590F3 /* EventContext.h */ = {isa = PBXFileReference; fileEncoding = 4; lastKnownFileType = sourcecode.c.h; path = EventContext.h; sourceTree = "<group>"; };
		087674B11CB87725003590F3 /* EventContext.m */ = {isa = PBXFileReference; fileEncoding = 4; lastKnownFileType = sourcecode.c.objc; path = EventContext.m; sourceTree = "<group>"; };
		087674B31CB87E8B003590F3 /* test.plist */ = {isa = PBXFileReference; fileEncoding = 4; lastKnownFileType = text.plist.xml; name = test.plist; path = EventLauncher/test.plist; sourceTree = "<group>"; };
/* End PBXFileReference section */

/* Begin PBXFrameworksBuildPhase section */
		0876749E1CB87363003590F3 /* Frameworks */ = {
			isa = PBXFrameworksBuildPhase;
			buildActionMask = 2147483647;
			files = (
				087674AF1CB876A7003590F3 /* IOKit.framework in Frameworks */,
			);
			runOnlyForDeploymentPostprocessing = 0;
		};
/* End PBXFrameworksBuildPhase section */

/* Begin PBXGroup section */
		087674981CB87363003590F3 = {
			isa = PBXGroup;
			children = (
				087674B31CB87E8B003590F3 /* test.plist */,
				087674AE1CB876A7003590F3 /* IOKit.framework */,
				087674A31CB87363003590F3 /* EventLauncher */,
				087674A21CB87363003590F3 /* Products */,
			);
			sourceTree = "<group>";
		};
		087674A21CB87363003590F3 /* Products */ = {
			isa = PBXGroup;
			children = (
				087674A11CB87363003590F3 /* EventLauncher */,
			);
			name = Products;
			sourceTree = "<group>";
		};
		087674A31CB87363003590F3 /* EventLauncher */ = {
			isa = PBXGroup;
			children = (
				087674A41CB87363003590F3 /* main.m */,
				087674AC1CB87617003590F3 /* power.m */,
				087674B01CB87725003590F3 /* EventContext.h */,
				087674B11CB87725003590F3 /* EventContext.m */,
			);
			path = EventLauncher;
			sourceTree = "<group>";
		};
/* End PBXGroup section */

/* Begin PBXNativeTarget section */
		087674A01CB87363003590F3 /* EventLauncher */ = {
			isa = PBXNativeTarget;
			buildConfigurationList = 087674A81CB87363003590F3 /* Build configuration list for PBXNativeTarget "EventLauncher" */;
			buildPhases = (
				0876749D1CB87363003590F3 /* Sources */,
				0876749E1CB87363003590F3 /* Frameworks */,
				0876749F1CB87363003590F3 /* CopyFiles */,
			);
			buildRules = (
			);
			dependencies = (
			);
			name = EventLauncher;
			productName = EventLauncher;
			productReference = 087674A11CB87363003590F3 /* EventLauncher */;
			productType = "com.apple.product-type.tool";
		};
/* End PBXNativeTarget section */

/* Begin PBXProject section */
		087674991CB87363003590F3 /* Project object */ = {
			isa = PBXProject;
			attributes = {
				LastUpgradeCheck = 0730;
				ORGANIZATIONNAME = "John Rizkalla";
				TargetAttributes = {
					087674A01CB87363003590F3 = {
						CreatedOnToolsVersion = 7.3;
					};
				};
			};
			buildConfigurationList = 0876749C1CB87363003590F3 /* Build configuration list for PBXProject "EventLauncher" */;
			compatibilityVersion = "Xcode 3.2";
			developmentRegion = English;
			hasScannedForEncodings = 0;
			knownRegions = (
				en,
			);
			mainGroup = 087674981CB87363003590F3;
			productRefGroup = 087674A21CB87363003590F3 /* Products */;
			projectDirPath = "";
			projectRoot = "";
			targets = (
				087674A01CB87363003590F3 /* EventLauncher */,
			);
		};
/* End PBXProject section */

/* Begin PBXSourcesBuildPhase section */
		0876749D1CB87363003590F3 /* Sources */ = {
			isa = PBXSourcesBuildPhase;
			buildActionMask = 2147483647;
			files = (
				087674A51CB87363003590F3 /* main.m in Sources */,
				087674B21CB87725003590F3 /* EventContext.m in Sources */,
				087674AD1CB87617003590F3 /* power.m in Sources */,
			);
			runOnlyForDeploymentPostprocessing = 0;
		};
/* End PBXSourcesBuildPhase section */

/* Begin XCBuildConfiguration section */
		087674A61CB87363003590F3 /* Debug */ = {
			isa = XCBuildConfiguration;
			buildSettings = {
				ALWAYS_SEARCH_USER_PATHS = NO;
				CLANG_ANALYZER_NONNULL = YES;
				CLANG_CXX_LANGUAGE_STANDARD = "gnu++0x";
				CLANG_CXX_LIBRARY = "libc++";
				CLANG_ENABLE_MODULES = YES;
				CLANG_ENABLE_OBJC_ARC = YES;
				CLANG_WARN_BOOL_CONVERSION = YES;
				CLANG_WARN_CONSTANT_CONVERSION = YES;
				CLANG_WARN_DIRECT_OBJC_ISA_USAGE = YES_ERROR;
				CLANG_WARN_EMPTY_BODY = YES;
				CLANG_WARN_ENUM_CONVERSION = YES;
				CLANG_WARN_INT_CONVERSION = YES;
				CLANG_WARN_OBJC_ROOT_CLASS = YES_ERROR;
				CLANG_WARN_UNREACHABLE_CODE = YES;
				CLANG_WARN__DUPLICATE_METHOD_MATCH = YES;
				CODE_SIGN_IDENTITY = "-";
				COPY_PHASE_STRIP = NO;
				DEBUG_INFORMATION_FORMAT = dwarf;
				ENABLE_STRICT_OBJC_MSGSEND = YES;
				ENABLE_TESTABILITY = YES;
				GCC_C_LANGUAGE_STANDARD = gnu99;
				GCC_DYNAMIC_NO_PIC = NO;
				GCC_NO_COMMON_BLOCKS = YES;
				GCC_OPTIMIZATION_LEVEL = 0;
				GCC_PREPROCESSOR_DEFINITIONS = (
					"DEBUG=1",
					"$(inherited)",
				);
				GCC_WARN_64_TO_32_BIT_CONVERSION = YES;
				GCC_WARN_ABOUT_RETURN_TYPE = YES_ERROR;
				GCC_WARN_UNDECLARED_SELECTOR = YES;
				GCC_WARN_UNINITIALIZED_AUTOS = YES_AGGRESSIVE;
				GCC_WARN_UNUSED_FUNCTION = YES;
				GCC_WARN_UNUSED_VARIABLE = YES;
				MACOSX_DEPLOYMENT_TARGET = 10.11;
				MTL_ENABLE_DEBUG_INFO = YES;
				ONLY_ACTIVE_ARCH = YES;
				SDKROOT = macosx;
			};
			name = Debug;
		};
		087674A71CB87363003590F3 /* Release */ = {
			isa = XCBuildConfiguration;
			buildSettings = {
				ALWAYS_SEARCH_USER_PATHS = NO;
				CLANG_ANALYZER_NONNULL = YES;
				CLANG_CXX_LANGUAGE_STANDARD = "gnu++0x";
				CLANG_CXX_LIBRARY = "libc++";
				CLANG_ENABLE_MODULES = YES;
				CLANG_ENABLE_OBJC_ARC = YES;
				CLANG_WARN_BOOL_CONVERSION = YES;
				CLANG_WARN_CONSTANT_CONVERSION = YES;
				CLANG_WARN_DIRECT_OBJC_ISA_USAGE = YES_ERROR;
				CLANG_WARN_EMPTY_BODY = YES;
				CLANG_WARN_ENUM_CONVERSION = YES;
				CLANG_WARN_INT_CONVERSION = YES;
				CLANG_WARN_OBJC_ROOT_CLASS = YES_ERROR;
				CLANG_WARN_UNREACHABLE_CODE = YES;
				CLANG_WARN__DUPLICATE_METHOD_MATCH = YES;
				CODE_SIGN_IDENTITY = "-";
				COPY_PHASE_STRIP = NO;
				DEBUG_INFORMATION_FORMAT = "dwarf-with-dsym";
				ENABLE_NS_ASSERTIONS = NO;
				ENABLE_STRICT_OBJC_MSGSEND = YES;
				GCC_C_LANGUAGE_STANDARD = gnu99;
				GCC_NO_COMMON_BLOCKS = YES;
				GCC_WARN_64_TO_32_BIT_CONVERSION = YES;
				GCC_WARN_ABOUT_RETURN_TYPE = YES_ERROR;
				GCC_WARN_UNDECLARED_SELECTOR = YES;
				GCC_WARN_UNINITIALIZED_AUTOS = YES_AGGRESSIVE;
				GCC_WARN_UNUSED_FUNCTION = YES;
				GCC_WARN_UNUSED_VARIABLE = YES;
				MACOSX_DEPLOYMENT_TARGET = 10.11;
				MTL_ENABLE_DEBUG_INFO = NO;
				SDKROOT = macosx;
			};
			name = Release;
		};
		087674A91CB87363003590F3 /* Debug */ = {
			isa = XCBuildConfiguration;
			buildSettings = {
				PRODUCT_NAME = "$(TARGET_NAME)";
			};
			name = Debug;
		};
		087674AA1CB87363003590F3 /* Release */ = {
			isa = XCBuildConfiguration;
			buildSettings = {
				PRODUCT_NAME = "$(TARGET_NAME)";
			};
			name = Release;
		};
/* End XCBuildConfiguration section */

/* Begin XCConfigurationList section */
		0876749C1CB87363003590F3 /* Build configuration list for PBXProject "EventLauncher" */ = {
			isa = XCConfigurationList;
			buildConfigurations = (
				087674A61CB87363003590F3 /* Debug */,
				087674A71CB87363003590F3 /* Release */,
			);
			defaultConfigurationIsVisible = 0;
			defaultConfigurationName = Release;
		};
		087674A81CB87363003590F3 /* Build configuration list for PBXNativeTarget "EventLauncher" */ = {
			isa = XCConfigurationList;
			buildConfigurations = (
				087674A91CB87363003590F3 /* Debug */,
				087674AA1CB87363003590F3 /* Release */,
			);
			defaultConfigurationIsVisible = 0;
		};
/* End XCConfigurationList section */
	};
	rootObject = 087674991CB87363003590F3 /* Project object */;
}
